schema: '2.0'
stages:
  data_ingestion:
    cmd: python src/cnnClassifier/pipeline/stage_01_data_ingestion.py
    deps:
    - path: config/config.yaml
      hash: md5
      md5: c510938f80482fed2bbf0d64056ee6d2
      size: 798
    - path: src/cnnClassifier/pipeline/stage_01_data_ingestion.py
      hash: md5
      md5: d8de95d7406d7fc120f1f614391682a5
      size: 1029
    outs:
    - path: artifacts/data_ingestion/Chicken-fecal-images
      hash: md5
      md5: 9e1f8dd2eae3c29e9d635df89d438ae4.dir
      size: 12207807
      nfiles: 390
  prepare_base_model:
    cmd: python src/cnnClassifier/pipeline/stage_02_prepare_base_model.py
    deps:
    - path: config/config.yaml
      hash: md5
      md5: c510938f80482fed2bbf0d64056ee6d2
      size: 798
    - path: src/cnnClassifier/pipeline/stage_02_prepare_base_model.py
      hash: md5
      md5: 9b901fa888407ecd955b02adc97445ee
      size: 1079
    params:
      params.yaml:
        CLASSES: 2
        IMAGE_SIZE:
        - 224
        - 224
        - 3
        INCLUDE_TOP: false
        LEARNING_RATE: 0.01
        WEIGHTS: imagenet
    outs:
    - path: artifacts/prepare_base_model
      hash: md5
      md5: d1e87bee2d1f312ae5ed8cb18e8fc881.dir
      size: 118059248
      nfiles: 2
  training:
    cmd: python src/cnnClassifier/pipeline/stage_03_training.py
    deps:
    - path: artifacts/data_ingestion/Chicken-fecal-images
      hash: md5
      md5: 9e1f8dd2eae3c29e9d635df89d438ae4.dir
      size: 12207807
      nfiles: 390
    - path: artifacts/prepare_base_model
      hash: md5
      md5: d1e87bee2d1f312ae5ed8cb18e8fc881.dir
      size: 118059248
      nfiles: 2
    - path: config/config.yaml
      hash: md5
      md5: c510938f80482fed2bbf0d64056ee6d2
      size: 798
    - path: src/cnnClassifier/components/prepare_callbacks.py
      hash: md5
      md5: 863e8be321a92154b84b8741135b6bf4
      size: 1008
    - path: src/cnnClassifier/pipeline/stage_03_training.py
      hash: md5
      md5: 6112e366e5d198f3abfe9efcf3f2ea31
      size: 1393
    params:
      params.yaml:
        AUGMENTATION: true
        BATCH_SIZE: 16
        EPOCHS: 3
        IMAGE_SIZE:
        - 224
        - 224
        - 3
    outs:
    - path: artifacts/training/model.h5
      hash: md5
      md5: 22cedbd1505075255ded46db60e0fb74
      size: 59340720
  evaluation:
    cmd: python src/cnnClassifier/pipeline/stage_04_evaluation.py
    deps:
    - path: artifacts/data_ingestion/Chicken-fecal-images
      hash: md5
      md5: 9e1f8dd2eae3c29e9d635df89d438ae4.dir
      size: 12207807
      nfiles: 390
    - path: artifacts/training/model.h5
      hash: md5
      md5: 22cedbd1505075255ded46db60e0fb74
      size: 59340720
    - path: config/config.yaml
      hash: md5
      md5: c510938f80482fed2bbf0d64056ee6d2
      size: 798
    - path: src/cnnClassifier/pipeline/stage_04_evaluation.py
      hash: md5
      md5: 57bf7c4f48acc7a3fb6551f8e269496a
      size: 997
    params:
      params.yaml:
        BATCH_SIZE: 16
        IMAGE_SIZE:
        - 224
        - 224
        - 3
    outs:
    - path: scores.json
      hash: md5
      md5: 508b97ce97dc4e6b7a0b7351fba3835c
      size: 73
